
Microsoft Visual Studio Solution File, Format Version 9.00
# Visual Studio 2005
Project("{FAE04EC0-301F-11D3-BF4B-00C04F79EFBC}") = "PaserNatural", "PaserNatural.csproj", "{15FAF883-283D-4592-AAAC-2BE78594D005}"
EndProject
Global
	GlobalSection(SolutionConfigurationPlatforms) = preSolution
		Debug|Any CPU = Debug|Any CPU
		Release|Any CPU = Release|Any CPU
	EndGlobalSection
	GlobalSection(ProjectConfigurationPlatforms) = postSolution
		{15FAF883-283D-4592-AAAC-2BE78594D005}.Debug|Any CPU.ActiveCfg = Debug|Any CPU
		{15FAF883-283D-4592-AAAC-2BE78594D005}.Debug|Any CPU.Build.0 = Debug|Any CPU
		{15FAF883-283D-4592-AAAC-2BE78594D005}.Release|Any CPU.ActiveCfg = Release|Any CPU
		{15FAF883-283D-4592-AAAC-2BE78594D005}.Release|Any CPU.Build.0 = Release|Any CPU
	EndGlobalSection
	GlobalSection(SolutionProperties) = preSolution
		HideSolutionNode = FALSE
	EndGlobalSection
	GlobalSection(ExtensibilityGlobals) = postSolution
		VisualSVNWorkingCopyRoot = .
	EndGlobalSection
EndGlobal
